# THIS IS AN AUTOGENERATED FILE. DO NOT EDIT THIS FILE DIRECTLY.
# yarn lockfile v1


sane-email-validation@^2.0.0:
  version "2.0.0"
  resolved "https://registry.yarnpkg.com/sane-email-validation/-/sane-email-validation-2.0.0.tgz#f89452b286513198d55246f682694971c12ad6e0"
  integrity sha512-1HW1absblTVwsSGF84bWJjm0MeDrM8Dh7vQhlaQ8qxGaiENF4/LM0yWxcCqw7hg/hVDK4R3SvDjohp5xuL+3tA==
